
Microsoft Visual Studio Solution File, Format Version 12.00
# Visual Studio Version 17
VisualStudioVersion = 17.11.35312.102
MinimumVisualStudioVersion = 10.0.40219.1
Project("{FAE04EC0-301F-11D3-BF4B-00C04F79EFBC}") = "CalculatorExercise", "CalculatorExercise\CalculatorExercise.csproj", "{1D6CB333-CB06-4C9A-9FDF-236C90BA6EDA}"
EndProject
Global
	GlobalSection(SolutionConfigurationPlatforms) = preSolution
		Debug|Any CPU = Debug|Any CPU
		Release|Any CPU = Release|Any CPU
	EndGlobalSection
	GlobalSection(ProjectConfigurationPlatforms) = postSolution
		{1D6CB333-CB06-4C9A-9FDF-236C90BA6EDA}.Debug|Any CPU.ActiveCfg = Debug|Any CPU
		{1D6CB333-CB06-4C9A-9FDF-236C90BA6EDA}.Debug|Any CPU.Build.0 = Debug|Any CPU
		{1D6CB333-CB06-4C9A-9FDF-236C90BA6EDA}.Release|Any CPU.ActiveCfg = Release|Any CPU
		{1D6CB333-CB06-4C9A-9FDF-236C90BA6EDA}.Release|Any CPU.Build.0 = Release|Any CPU
	EndGlobalSection
	GlobalSection(SolutionProperties) = preSolution
		HideSolutionNode = FALSE
	EndGlobalSection
	GlobalSection(ExtensibilityGlobals) = postSolution
		SolutionGuid = {4182B66D-8852-4BC8-B94F-5160F2BC9FD7}
	EndGlobalSection
EndGlobal
